
Microsoft Visual Studio Solution File, Format Version 12.00
# Visual Studio Version 17
VisualStudioVersion = 17.8.34408.163
MinimumVisualStudioVersion = 10.0.40219.1
Project("{FAE04EC0-301F-11D3-BF4B-00C04F79EFBC}") = "BioSportApp", "BioSportApp\BioSportApp.csproj", "{181A8802-DD7E-4A9C-8E31-2428CFDD1430}"
EndProject
Global
	GlobalSection(SolutionConfigurationPlatforms) = preSolution
		Debug|Any CPU = Debug|Any CPU
		Release|Any CPU = Release|Any CPU
	EndGlobalSection
	GlobalSection(ProjectConfigurationPlatforms) = postSolution
		{181A8802-DD7E-4A9C-8E31-2428CFDD1430}.Debug|Any CPU.ActiveCfg = Debug|Any CPU
		{181A8802-DD7E-4A9C-8E31-2428CFDD1430}.Debug|Any CPU.Build.0 = Debug|Any CPU
		{181A8802-DD7E-4A9C-8E31-2428CFDD1430}.Debug|Any CPU.Deploy.0 = Debug|Any CPU
		{181A8802-DD7E-4A9C-8E31-2428CFDD1430}.Release|Any CPU.ActiveCfg = Release|Any CPU
		{181A8802-DD7E-4A9C-8E31-2428CFDD1430}.Release|Any CPU.Build.0 = Release|Any CPU
		{181A8802-DD7E-4A9C-8E31-2428CFDD1430}.Release|Any CPU.Deploy.0 = Release|Any CPU
	EndGlobalSection
	GlobalSection(SolutionProperties) = preSolution
		HideSolutionNode = FALSE
	EndGlobalSection
	GlobalSection(ExtensibilityGlobals) = postSolution
		SolutionGuid = {62DB6E71-6B72-4424-8FD8-5BF98ED758B9}
	EndGlobalSection
EndGlobal
